
Microsoft Visual Studio Solution File, Format Version 12.00
# Visual Studio Version 16
VisualStudioVersion = 16.0.31702.278
MinimumVisualStudioVersion = 10.0.40219.1
Project("{FAE04EC0-301F-11D3-BF4B-00C04F79EFBC}") = "AirportNavigationApp.Android", "AirportNavigationApp.Android\AirportNavigationApp.Android.csproj", "{5DD63E55-F6D1-467E-8CB0-E420C095DDBE}"
EndProject
Project("{FAE04EC0-301F-11D3-BF4B-00C04F79EFBC}") = "AirportNavigationApp.iOS", "AirportNavigationApp.iOS\AirportNavigationApp.iOS.csproj", "{62BBAFE9-5762-4203-8854-E190E996657E}"
EndProject
Project("{FAE04EC0-301F-11D3-BF4B-00C04F79EFBC}") = "AirportNavigationApp", "AirportNavigationApp\AirportNavigationApp.csproj", "{51B1E2DB-0E6B-4439-8399-D834883144AC}"
EndProject
Global
	GlobalSection(SolutionConfigurationPlatforms) = preSolution
		Debug|Any CPU = Debug|Any CPU
		Debug|iPhone = Debug|iPhone
		Debug|iPhoneSimulator = Debug|iPhoneSimulator
		Release|Any CPU = Release|Any CPU
		Release|iPhone = Release|iPhone
		Release|iPhoneSimulator = Release|iPhoneSimulator
	EndGlobalSection
	GlobalSection(ProjectConfigurationPlatforms) = postSolution
		{5DD63E55-F6D1-467E-8CB0-E420C095DDBE}.Debug|Any CPU.ActiveCfg = Debug|Any CPU
		{5DD63E55-F6D1-467E-8CB0-E420C095DDBE}.Debug|Any CPU.Build.0 = Debug|Any CPU
		{5DD63E55-F6D1-467E-8CB0-E420C095DDBE}.Debug|Any CPU.Deploy.0 = Debug|Any CPU
		{5DD63E55-F6D1-467E-8CB0-E420C095DDBE}.Debug|iPhone.ActiveCfg = Debug|Any CPU
		{5DD63E55-F6D1-467E-8CB0-E420C095DDBE}.Debug|iPhone.Build.0 = Debug|Any CPU
		{5DD63E55-F6D1-467E-8CB0-E420C095DDBE}.Debug|iPhone.Deploy.0 = Debug|Any CPU
		{5DD63E55-F6D1-467E-8CB0-E420C095DDBE}.Debug|iPhoneSimulator.ActiveCfg = Debug|Any CPU
		{5DD63E55-F6D1-467E-8CB0-E420C095DDBE}.Debug|iPhoneSimulator.Build.0 = Debug|Any CPU
		{5DD63E55-F6D1-467E-8CB0-E420C095DDBE}.Debug|iPhoneSimulator.Deploy.0 = Debug|Any CPU
		{5DD63E55-F6D1-467E-8CB0-E420C095DDBE}.Release|Any CPU.ActiveCfg = Release|Any CPU
		{5DD63E55-F6D1-467E-8CB0-E420C095DDBE}.Release|Any CPU.Build.0 = Release|Any CPU
		{5DD63E55-F6D1-467E-8CB0-E420C095DDBE}.Release|Any CPU.Deploy.0 = Release|Any CPU
		{5DD63E55-F6D1-467E-8CB0-E420C095DDBE}.Release|iPhone.ActiveCfg = Release|Any CPU
		{5DD63E55-F6D1-467E-8CB0-E420C095DDBE}.Release|iPhone.Build.0 = Release|Any CPU
		{5DD63E55-F6D1-467E-8CB0-E420C095DDBE}.Release|iPhone.Deploy.0 = Release|Any CPU
		{5DD63E55-F6D1-467E-8CB0-E420C095DDBE}.Release|iPhoneSimulator.ActiveCfg = Release|Any CPU
		{5DD63E55-F6D1-467E-8CB0-E420C095DDBE}.Release|iPhoneSimulator.Build.0 = Release|Any CPU
		{5DD63E55-F6D1-467E-8CB0-E420C095DDBE}.Release|iPhoneSimulator.Deploy.0 = Release|Any CPU
		{62BBAFE9-5762-4203-8854-E190E996657E}.Debug|Any CPU.ActiveCfg = Debug|iPhone
		{62BBAFE9-5762-4203-8854-E190E996657E}.Debug|Any CPU.Build.0 = Debug|iPhone
		{62BBAFE9-5762-4203-8854-E190E996657E}.Debug|Any CPU.Deploy.0 = Debug|iPhone
		{62BBAFE9-5762-4203-8854-E190E996657E}.Debug|iPhone.ActiveCfg = Debug|iPhone
		{62BBAFE9-5762-4203-8854-E190E996657E}.Debug|iPhone.Build.0 = Debug|iPhone
		{62BBAFE9-5762-4203-8854-E190E996657E}.Debug|iPhone.Deploy.0 = Debug|iPhone
		{62BBAFE9-5762-4203-8854-E190E996657E}.Debug|iPhoneSimulator.ActiveCfg = Debug|iPhoneSimulator
		{62BBAFE9-5762-4203-8854-E190E996657E}.Debug|iPhoneSimulator.Build.0 = Debug|iPhoneSimulator
		{62BBAFE9-5762-4203-8854-E190E996657E}.Debug|iPhoneSimulator.Deploy.0 = Debug|iPhoneSimulator
		{62BBAFE9-5762-4203-8854-E190E996657E}.Release|Any CPU.ActiveCfg = Release|iPhoneSimulator
		{62BBAFE9-5762-4203-8854-E190E996657E}.Release|Any CPU.Build.0 = Release|iPhoneSimulator
		{62BBAFE9-5762-4203-8854-E190E996657E}.Release|Any CPU.Deploy.0 = Release|iPhoneSimulator
		{62BBAFE9-5762-4203-8854-E190E996657E}.Release|iPhone.ActiveCfg = Release|iPhone
		{62BBAFE9-5762-4203-8854-E190E996657E}.Release|iPhone.Build.0 = Release|iPhone
		{62BBAFE9-5762-4203-8854-E190E996657E}.Release|iPhone.Deploy.0 = Release|iPhone
		{62BBAFE9-5762-4203-8854-E190E996657E}.Release|iPhoneSimulator.ActiveCfg = Release|iPhoneSimulator
		{62BBAFE9-5762-4203-8854-E190E996657E}.Release|iPhoneSimulator.Build.0 = Release|iPhoneSimulator
		{62BBAFE9-5762-4203-8854-E190E996657E}.Release|iPhoneSimulator.Deploy.0 = Release|iPhoneSimulator
		{51B1E2DB-0E6B-4439-8399-D834883144AC}.Debug|Any CPU.ActiveCfg = Debug|Any CPU
		{51B1E2DB-0E6B-4439-8399-D834883144AC}.Debug|Any CPU.Build.0 = Debug|Any CPU
		{51B1E2DB-0E6B-4439-8399-D834883144AC}.Debug|Any CPU.Deploy.0 = Debug|Any CPU
		{51B1E2DB-0E6B-4439-8399-D834883144AC}.Debug|iPhone.ActiveCfg = Debug|Any CPU
		{51B1E2DB-0E6B-4439-8399-D834883144AC}.Debug|iPhone.Build.0 = Debug|Any CPU
		{51B1E2DB-0E6B-4439-8399-D834883144AC}.Debug|iPhone.Deploy.0 = Debug|Any CPU
		{51B1E2DB-0E6B-4439-8399-D834883144AC}.Debug|iPhoneSimulator.ActiveCfg = Debug|Any CPU
		{51B1E2DB-0E6B-4439-8399-D834883144AC}.Debug|iPhoneSimulator.Build.0 = Debug|Any CPU
		{51B1E2DB-0E6B-4439-8399-D834883144AC}.Debug|iPhoneSimulator.Deploy.0 = Debug|Any CPU
		{51B1E2DB-0E6B-4439-8399-D834883144AC}.Release|Any CPU.ActiveCfg = Release|Any CPU
		{51B1E2DB-0E6B-4439-8399-D834883144AC}.Release|Any CPU.Build.0 = Release|Any CPU
		{51B1E2DB-0E6B-4439-8399-D834883144AC}.Release|Any CPU.Deploy.0 = Release|Any CPU
		{51B1E2DB-0E6B-4439-8399-D834883144AC}.Release|iPhone.ActiveCfg = Release|Any CPU
		{51B1E2DB-0E6B-4439-8399-D834883144AC}.Release|iPhone.Build.0 = Release|Any CPU
		{51B1E2DB-0E6B-4439-8399-D834883144AC}.Release|iPhone.Deploy.0 = Release|Any CPU
		{51B1E2DB-0E6B-4439-8399-D834883144AC}.Release|iPhoneSimulator.ActiveCfg = Release|Any CPU
		{51B1E2DB-0E6B-4439-8399-D834883144AC}.Release|iPhoneSimulator.Build.0 = Release|Any CPU
		{51B1E2DB-0E6B-4439-8399-D834883144AC}.Release|iPhoneSimulator.Deploy.0 = Release|Any CPU
	EndGlobalSection
	GlobalSection(SolutionProperties) = preSolution
		HideSolutionNode = FALSE
	EndGlobalSection
	GlobalSection(ExtensibilityGlobals) = postSolution
		SolutionGuid = {51D96121-A497-4833-9F23-650A5C15989F}
	EndGlobalSection
EndGlobal
